// !$*UTF8*$!
{
	archiveVersion = 1;
	classes = {
	};
	objectVersion = 51;
	objects = {

/* Begin PBXBuildFile section */
		12457DF600AD0D00407B7FFE /* Pods_audiotestTests.framework in Frameworks */ = {isa = PBXBuildFile; fileRef = B354D899E7D8D682A98279BF /* Pods_audiotestTests.framework */; };
		12674609CE4E9A0EA3A6415C /* Pods_audiotest_audiotestUITests.framework in Frameworks */ = {isa = PBXBuildFile; fileRef = 16334729F5778C97CCCBF9F5 /* Pods_audiotest_audiotestUITests.framework */; };
		181CE7F423F6C4AF00DDECEA /* LoadingButton.swift in Sources */ = {isa = PBXBuildFile; fileRef = 181CE7F323F6C4AF00DDECEA /* LoadingButton.swift */; };
		181CE7F623F6C4E800DDECEA /* Double + Extensions.swift in Sources */ = {isa = PBXBuildFile; fileRef = 181CE7F523F6C4E800DDECEA /* Double + Extensions.swift */; };
		183B0CF623F4025100B779A6 /* AudioController.swift in Sources */ = {isa = PBXBuildFile; fileRef = 183B0CF523F4025100B779A6 /* AudioController.swift */; };
		1841E56B23F3D02500E24567 /* AppDelegate.swift in Sources */ = {isa = PBXBuildFile; fileRef = 1841E56A23F3D02500E24567 /* AppDelegate.swift */; };
		1841E56D23F3D02500E24567 /* SceneDelegate.swift in Sources */ = {isa = PBXBuildFile; fileRef = 1841E56C23F3D02500E24567 /* SceneDelegate.swift */; };
		1841E56F23F3D02500E24567 /* ViewController.swift in Sources */ = {isa = PBXBuildFile; fileRef = 1841E56E23F3D02500E24567 /* ViewController.swift */; };
		1841E57223F3D02500E24567 /* Main.storyboard in Resources */ = {isa = PBXBuildFile; fileRef = 1841E57023F3D02500E24567 /* Main.storyboard */; };
		1841E57523F3D02500E24567 /* audiotest.xcdatamodeld in Sources */ = {isa = PBXBuildFile; fileRef = 1841E57323F3D02500E24567 /* audiotest.xcdatamodeld */; };
		1841E57723F3D02800E24567 /* Assets.xcassets in Resources */ = {isa = PBXBuildFile; fileRef = 1841E57623F3D02800E24567 /* Assets.xcassets */; };
		1841E57A23F3D02800E24567 /* LaunchScreen.storyboard in Resources */ = {isa = PBXBuildFile; fileRef = 1841E57823F3D02800E24567 /* LaunchScreen.storyboard */; };
		1841E58523F3D02800E24567 /* audiotestTests.swift in Sources */ = {isa = PBXBuildFile; fileRef = 1841E58423F3D02800E24567 /* audiotestTests.swift */; };
		1841E59023F3D02800E24567 /* audiotestUITests.swift in Sources */ = {isa = PBXBuildFile; fileRef = 1841E58F23F3D02800E24567 /* audiotestUITests.swift */; };
		1841E59E23F3D2DB00E24567 /* chapterCell.swift in Sources */ = {isa = PBXBuildFile; fileRef = 1841E59D23F3D2DB00E24567 /* chapterCell.swift */; };
		1841E5A023F3D2FC00E24567 /* ChapterVC.swift in Sources */ = {isa = PBXBuildFile; fileRef = 1841E59F23F3D2FC00E24567 /* ChapterVC.swift */; };
		1841E5A223F3D4F300E24567 /* StryModel.swift in Sources */ = {isa = PBXBuildFile; fileRef = 1841E5A123F3D4F300E24567 /* StryModel.swift */; };
		E494BCC9060461F67E5F6B93 /* Pods_audiotest.framework in Frameworks */ = {isa = PBXBuildFile; fileRef = 008037C0150C932029A84414 /* Pods_audiotest.framework */; };
/* End PBXBuildFile section */

/* Begin PBXContainerItemProxy section */
		1841E58123F3D02800E24567 /* PBXContainerItemProxy */ = {
			isa = PBXContainerItemProxy;
			containerPortal = 1841E55F23F3D02500E24567 /* Project object */;
			proxyType = 1;
			remoteGlobalIDString = 1841E56623F3D02500E24567;
			remoteInfo = audiotest;
		};
		1841E58C23F3D02800E24567 /* PBXContainerItemProxy */ = {
			isa = PBXContainerItemProxy;
			containerPortal = 1841E55F23F3D02500E24567 /* Project object */;
			proxyType = 1;
			remoteGlobalIDString = 1841E56623F3D02500E24567;
			remoteInfo = audiotest;
		};
/* End PBXContainerItemProxy section */

/* Begin PBXFileReference section */
		008037C0150C932029A84414 /* Pods_audiotest.framework */ = {isa = PBXFileReference; explicitFileType = wrapper.framework; includeInIndex = 0; path = Pods_audiotest.framework; sourceTree = BUILT_PRODUCTS_DIR; };
		0D59DDA6518F3EFCD745E712 /* Pods-audiotest.debug.xcconfig */ = {isa = PBXFileReference; includeInIndex = 1; lastKnownFileType = text.xcconfig; name = "Pods-audiotest.debug.xcconfig"; path = "Target Support Files/Pods-audiotest/Pods-audiotest.debug.xcconfig"; sourceTree = "<group>"; };
		16334729F5778C97CCCBF9F5 /* Pods_audiotest_audiotestUITests.framework */ = {isa = PBXFileReference; explicitFileType = wrapper.framework; includeInIndex = 0; path = Pods_audiotest_audiotestUITests.framework; sourceTree = BUILT_PRODUCTS_DIR; };
		181CE7F323F6C4AF00DDECEA /* LoadingButton.swift */ = {isa = PBXFileReference; fileEncoding = 4; lastKnownFileType = sourcecode.swift; path = LoadingButton.swift; sourceTree = "<group>"; };
		181CE7F523F6C4E800DDECEA /* Double + Extensions.swift */ = {isa = PBXFileReference; fileEncoding = 4; lastKnownFileType = sourcecode.swift; path = "Double + Extensions.swift"; sourceTree = "<group>"; };
		183B0CF523F4025100B779A6 /* AudioController.swift */ = {isa = PBXFileReference; lastKnownFileType = sourcecode.swift; path = AudioController.swift; sourceTree = "<group>"; };
		1841E56723F3D02500E24567 /* audiotest.app */ = {isa = PBXFileReference; explicitFileType = wrapper.application; includeInIndex = 0; path = audiotest.app; sourceTree = BUILT_PRODUCTS_DIR; };
		1841E56A23F3D02500E24567 /* AppDelegate.swift */ = {isa = PBXFileReference; lastKnownFileType = sourcecode.swift; path = AppDelegate.swift; sourceTree = "<group>"; };
		1841E56C23F3D02500E24567 /* SceneDelegate.swift */ = {isa = PBXFileReference; lastKnownFileType = sourcecode.swift; path = SceneDelegate.swift; sourceTree = "<group>"; };
		1841E56E23F3D02500E24567 /* ViewController.swift */ = {isa = PBXFileReference; lastKnownFileType = sourcecode.swift; path = ViewController.swift; sourceTree = "<group>"; };
		1841E57123F3D02500E24567 /* Base */ = {isa = PBXFileReference; lastKnownFileType = file.storyboard; name = Base; path = Base.lproj/Main.storyboard; sourceTree = "<group>"; };
		1841E57423F3D02500E24567 /* audiotest.xcdatamodel */ = {isa = PBXFileReference; lastKnownFileType = wrapper.xcdatamodel; path = audiotest.xcdatamodel; sourceTree = "<group>"; };
		1841E57623F3D02800E24567 /* Assets.xcassets */ = {isa = PBXFileReference; lastKnownFileType = folder.assetcatalog; path = Assets.xcassets; sourceTree = "<group>"; };
		1841E57923F3D02800E24567 /* Base */ = {isa = PBXFileReference; lastKnownFileType = file.storyboard; name = Base; path = Base.lproj/LaunchScreen.storyboard; sourceTree = "<group>"; };
		1841E57B23F3D02800E24567 /* Info.plist */ = {isa = PBXFileReference; lastKnownFileType = text.plist.xml; path = Info.plist; sourceTree = "<group>"; };
		1841E58023F3D02800E24567 /* audiotestTests.xctest */ = {isa = PBXFileReference; explicitFileType = wrapper.cfbundle; includeInIndex = 0; path = audiotestTests.xctest; sourceTree = BUILT_PRODUCTS_DIR; };
		1841E58423F3D02800E24567 /* audiotestTests.swift */ = {isa = PBXFileReference; lastKnownFileType = sourcecode.swift; path = audiotestTests.swift; sourceTree = "<group>"; };
		1841E58623F3D02800E24567 /* Info.plist */ = {isa = PBXFileReference; lastKnownFileType = text.plist.xml; path = Info.plist; sourceTree = "<group>"; };
		1841E58B23F3D02800E24567 /* audiotestUITests.xctest */ = {isa = PBXFileReference; explicitFileType = wrapper.cfbundle; includeInIndex = 0; path = audiotestUITests.xctest; sourceTree = BUILT_PRODUCTS_DIR; };
		1841E58F23F3D02800E24567 /* audiotestUITests.swift */ = {isa = PBXFileReference; lastKnownFileType = sourcecode.swift; path = audiotestUITests.swift; sourceTree = "<group>"; };
		1841E59123F3D02800E24567 /* Info.plist */ = {isa = PBXFileReference; lastKnownFileType = text.plist.xml; path = Info.plist; sourceTree = "<group>"; };
		1841E59D23F3D2DB00E24567 /* chapterCell.swift */ = {isa = PBXFileReference; lastKnownFileType = sourcecode.swift; path = chapterCell.swift; sourceTree = "<group>"; };
		1841E59F23F3D2FC00E24567 /* ChapterVC.swift */ = {isa = PBXFileReference; lastKnownFileType = sourcecode.swift; path = ChapterVC.swift; sourceTree = "<group>"; };
		1841E5A123F3D4F300E24567 /* StryModel.swift */ = {isa = PBXFileReference; lastKnownFileType = sourcecode.swift; path = StryModel.swift; sourceTree = "<group>"; };
		41BBD05E001591600BBC64DA /* Pods-audiotest.release.xcconfig */ = {isa = PBXFileReference; includeInIndex = 1; lastKnownFileType = text.xcconfig; name = "Pods-audiotest.release.xcconfig"; path = "Target Support Files/Pods-audiotest/Pods-audiotest.release.xcconfig"; sourceTree = "<group>"; };
		4B12C7BD6B21BA6DBEA7D3AA /* Pods-audiotestTests.release.xcconfig */ = {isa = PBXFileReference; includeInIndex = 1; lastKnownFileType = text.xcconfig; name = "Pods-audiotestTests.release.xcconfig"; path = "Target Support Files/Pods-audiotestTests/Pods-audiotestTests.release.xcconfig"; sourceTree = "<group>"; };
		757A7650FD297EAB3E3CCA14 /* Pods-audiotestTests.debug.xcconfig */ = {isa = PBXFileReference; includeInIndex = 1; lastKnownFileType = text.xcconfig; name = "Pods-audiotestTests.debug.xcconfig"; path = "Target Support Files/Pods-audiotestTests/Pods-audiotestTests.debug.xcconfig"; sourceTree = "<group>"; };
		827F5E613DA5F879179F132A /* Pods-audiotest-audiotestUITests.release.xcconfig */ = {isa = PBXFileReference; includeInIndex = 1; lastKnownFileType = text.xcconfig; name = "Pods-audiotest-audiotestUITests.release.xcconfig"; path = "Target Support Files/Pods-audiotest-audiotestUITests/Pods-audiotest-audiotestUITests.release.xcconfig"; sourceTree = "<group>"; };
		AF74B70D94E452B2B16D5128 /* Pods-audiotest-audiotestUITests.debug.xcconfig */ = {isa = PBXFileReference; includeInIndex = 1; lastKnownFileType = text.xcconfig; name = "Pods-audiotest-audiotestUITests.debug.xcconfig"; path = "Target Support Files/Pods-audiotest-audiotestUITests/Pods-audiotest-audiotestUITests.debug.xcconfig"; sourceTree = "<group>"; };
		B354D899E7D8D682A98279BF /* Pods_audiotestTests.framework */ = {isa = PBXFileReference; explicitFileType = wrapper.framework; includeInIndex = 0; path = Pods_audiotestTests.framework; sourceTree = BUILT_PRODUCTS_DIR; };
/* End PBXFileReference section */

/* Begin PBXFrameworksBuildPhase section */
		1841E56423F3D02500E24567 /* Frameworks */ = {
			isa = PBXFrameworksBuildPhase;
			buildActionMask = 2147483647;
			files = (
				E494BCC9060461F67E5F6B93 /* Pods_audiotest.framework in Frameworks */,
			);
			runOnlyForDeploymentPostprocessing = 0;
		};
		1841E57D23F3D02800E24567 /* Frameworks */ = {
			isa = PBXFrameworksBuildPhase;
			buildActionMask = 2147483647;
			files = (
				12457DF600AD0D00407B7FFE /* Pods_audiotestTests.framework in Frameworks */,
			);
			runOnlyForDeploymentPostprocessing = 0;
		};
		1841E58823F3D02800E24567 /* Frameworks */ = {
			isa = PBXFrameworksBuildPhase;
			buildActionMask = 2147483647;
			files = (
				12674609CE4E9A0EA3A6415C /* Pods_audiotest_audiotestUITests.framework in Frameworks */,
			);
			runOnlyForDeploymentPostprocessing = 0;
		};
/* End PBXFrameworksBuildPhase section */

/* Begin PBXGroup section */
		1841E55E23F3D02500E24567 = {
			isa = PBXGroup;
			children = (
				1841E56923F3D02500E24567 /* audiotest */,
				1841E58323F3D02800E24567 /* audiotestTests */,
				1841E58E23F3D02800E24567 /* audiotestUITests */,
				1841E56823F3D02500E24567 /* Products */,
				5A29AE92DAE61029A953197A /* Pods */,
				282B76C03FA9B56F12C2AEC1 /* Frameworks */,
			);
			sourceTree = "<group>";
		};
		1841E56823F3D02500E24567 /* Products */ = {
			isa = PBXGroup;
			children = (
				1841E56723F3D02500E24567 /* audiotest.app */,
				1841E58023F3D02800E24567 /* audiotestTests.xctest */,
				1841E58B23F3D02800E24567 /* audiotestUITests.xctest */,
			);
			name = Products;
			sourceTree = "<group>";
		};
		1841E56923F3D02500E24567 /* audiotest */ = {
			isa = PBXGroup;
			children = (
				1841E56A23F3D02500E24567 /* AppDelegate.swift */,
				1841E56C23F3D02500E24567 /* SceneDelegate.swift */,
				1841E56E23F3D02500E24567 /* ViewController.swift */,
				1841E59F23F3D2FC00E24567 /* ChapterVC.swift */,
				183B0CF523F4025100B779A6 /* AudioController.swift */,
				1841E59D23F3D2DB00E24567 /* chapterCell.swift */,
				1841E5A123F3D4F300E24567 /* StryModel.swift */,
				181CE7F523F6C4E800DDECEA /* Double + Extensions.swift */,
				181CE7F323F6C4AF00DDECEA /* LoadingButton.swift */,
				1841E57023F3D02500E24567 /* Main.storyboard */,
				1841E57623F3D02800E24567 /* Assets.xcassets */,
				1841E57823F3D02800E24567 /* LaunchScreen.storyboard */,
				1841E57B23F3D02800E24567 /* Info.plist */,
				1841E57323F3D02500E24567 /* audiotest.xcdatamodeld */,
			);
			path = audiotest;
			sourceTree = "<group>";
		};
		1841E58323F3D02800E24567 /* audiotestTests */ = {
			isa = PBXGroup;
			children = (
				1841E58423F3D02800E24567 /* audiotestTests.swift */,
				1841E58623F3D02800E24567 /* Info.plist */,
			);
			path = audiotestTests;
			sourceTree = "<group>";
		};
		1841E58E23F3D02800E24567 /* audiotestUITests */ = {
			isa = PBXGroup;
			children = (
				1841E58F23F3D02800E24567 /* audiotestUITests.swift */,
				1841E59123F3D02800E24567 /* Info.plist */,
			);
			path = audiotestUITests;
			sourceTree = "<group>";
		};
		282B76C03FA9B56F12C2AEC1 /* Frameworks */ = {
			isa = PBXGroup;
			children = (
				008037C0150C932029A84414 /* Pods_audiotest.framework */,
				16334729F5778C97CCCBF9F5 /* Pods_audiotest_audiotestUITests.framework */,
				B354D899E7D8D682A98279BF /* Pods_audiotestTests.framework */,
			);
			name = Frameworks;
			sourceTree = "<group>";
		};
		5A29AE92DAE61029A953197A /* Pods */ = {
			isa = PBXGroup;
			children = (
				0D59DDA6518F3EFCD745E712 /* Pods-audiotest.debug.xcconfig */,
				41BBD05E001591600BBC64DA /* Pods-audiotest.release.xcconfig */,
				AF74B70D94E452B2B16D5128 /* Pods-audiotest-audiotestUITests.debug.xcconfig */,
				827F5E613DA5F879179F132A /* Pods-audiotest-audiotestUITests.release.xcconfig */,
				757A7650FD297EAB3E3CCA14 /* Pods-audiotestTests.debug.xcconfig */,
				4B12C7BD6B21BA6DBEA7D3AA /* Pods-audiotestTests.release.xcconfig */,
			);
			path = Pods;
			sourceTree = "<group>";
		};
/* End PBXGroup section */

/* Begin PBXNativeTarget section */
		1841E56623F3D02500E24567 /* audiotest */ = {
			isa = PBXNativeTarget;
			buildConfigurationList = 1841E59423F3D02800E24567 /* Build configuration list for PBXNativeTarget "audiotest" */;
			buildPhases = (
				1DB759AB452C101486E9C8E8 /* [CP] Check Pods Manifest.lock */,
				1841E56323F3D02500E24567 /* Sources */,
				1841E56423F3D02500E24567 /* Frameworks */,
				1841E56523F3D02500E24567 /* Resources */,
				A83FF370EC6DFA27F7CEBD94 /* [CP] Embed Pods Frameworks */,
			);
			buildRules = (
			);
			dependencies = (
			);
			name = audiotest;
			productName = audiotest;
			productReference = 1841E56723F3D02500E24567 /* audiotest.app */;
			productType = "com.apple.product-type.application";
		};
		1841E57F23F3D02800E24567 /* audiotestTests */ = {
			isa = PBXNativeTarget;
			buildConfigurationList = 1841E59723F3D02800E24567 /* Build configuration list for PBXNativeTarget "audiotestTests" */;
			buildPhases = (
				F51C09357E39C89F6FD0D46E /* [CP] Check Pods Manifest.lock */,
				1841E57C23F3D02800E24567 /* Sources */,
				1841E57D23F3D02800E24567 /* Frameworks */,
				1841E57E23F3D02800E24567 /* Resources */,
			);
			buildRules = (
			);
			dependencies = (
				1841E58223F3D02800E24567 /* PBXTargetDependency */,
			);
			name = audiotestTests;
			productName = audiotestTests;
			productReference = 1841E58023F3D02800E24567 /* audiotestTests.xctest */;
			productType = "com.apple.product-type.bundle.unit-test";
		};
		1841E58A23F3D02800E24567 /* audiotestUITests */ = {
			isa = PBXNativeTarget;
			buildConfigurationList = 1841E59A23F3D02800E24567 /* Build configuration list for PBXNativeTarget "audiotestUITests" */;
			buildPhases = (
				5D5CC18DC929B0A344117D52 /* [CP] Check Pods Manifest.lock */,
				1841E58723F3D02800E24567 /* Sources */,
				1841E58823F3D02800E24567 /* Frameworks */,
				1841E58923F3D02800E24567 /* Resources */,
				D4951B83BED7F48A86E8BDD9 /* [CP] Embed Pods Frameworks */,
			);
			buildRules = (
			);
			dependencies = (
				1841E58D23F3D02800E24567 /* PBXTargetDependency */,
			);
			name = audiotestUITests;
			productName = audiotestUITests;
			productReference = 1841E58B23F3D02800E24567 /* audiotestUITests.xctest */;
			productType = "com.apple.product-type.bundle.ui-testing";
		};
/* End PBXNativeTarget section */

/* Begin PBXProject section */
		1841E55F23F3D02500E24567 /* Project object */ = {
			isa = PBXProject;
			attributes = {
				LastSwiftUpdateCheck = 1100;
				LastUpgradeCheck = 1100;
				ORGANIZATIONNAME = EmojiView;
				TargetAttributes = {
					1841E56623F3D02500E24567 = {
						CreatedOnToolsVersion = 11.0;
					};
					1841E57F23F3D02800E24567 = {
						CreatedOnToolsVersion = 11.0;
						TestTargetID = 1841E56623F3D02500E24567;
					};
					1841E58A23F3D02800E24567 = {
						CreatedOnToolsVersion = 11.0;
						TestTargetID = 1841E56623F3D02500E24567;
					};
				};
			};
			buildConfigurationList = 1841E56223F3D02500E24567 /* Build configuration list for PBXProject "audiotest" */;
			compatibilityVersion = "Xcode 9.3";
			developmentRegion = en;
			hasScannedForEncodings = 0;
			knownRegions = (
				en,
				Base,
			);
			mainGroup = 1841E55E23F3D02500E24567;
			productRefGroup = 1841E56823F3D02500E24567 /* Products */;
			projectDirPath = "";
			projectRoot = "";
			targets = (
				1841E56623F3D02500E24567 /* audiotest */,
				1841E57F23F3D02800E24567 /* audiotestTests */,
				1841E58A23F3D02800E24567 /* audiotestUITests */,
			);
		};
/* End PBXProject section */

/* Begin PBXResourcesBuildPhase section */
		1841E56523F3D02500E24567 /* Resources */ = {
			isa = PBXResourcesBuildPhase;
			buildActionMask = 2147483647;
			files = (
				1841E57A23F3D02800E24567 /* LaunchScreen.storyboard in Resources */,
				1841E57723F3D02800E24567 /* Assets.xcassets in Resources */,
				1841E57223F3D02500E24567 /* Main.storyboard in Resources */,
			);
			runOnlyForDeploymentPostprocessing = 0;
		};
		1841E57E23F3D02800E24567 /* Resources */ = {
			isa = PBXResourcesBuildPhase;
			buildActionMask = 2147483647;
			files = (
			);
			runOnlyForDeploymentPostprocessing = 0;
		};
		1841E58923F3D02800E24567 /* Resources */ = {
			isa = PBXResourcesBuildPhase;
			buildActionMask = 2147483647;
			files = (
			);
			runOnlyForDeploymentPostprocessing = 0;
		};
/* End PBXResourcesBuildPhase section */

/* Begin PBXShellScriptBuildPhase section */
		1DB759AB452C101486E9C8E8 /* [CP] Check Pods Manifest.lock */ = {
			isa = PBXShellScriptBuildPhase;
			buildActionMask = 2147483647;
			files = (
			);
			inputFileListPaths = (
			);
			inputPaths = (
				"${PODS_PODFILE_DIR_PATH}/Podfile.lock",
				"${PODS_ROOT}/Manifest.lock",
			);
			name = "[CP] Check Pods Manifest.lock";
			outputFileListPaths = (
			);
			outputPaths = (
				"$(DERIVED_FILE_DIR)/Pods-audiotest-checkManifestLockResult.txt",
			);
			runOnlyForDeploymentPostprocessing = 0;
			shellPath = /bin/sh;
			shellScript = "diff \"${PODS_PODFILE_DIR_PATH}/Podfile.lock\" \"${PODS_ROOT}/Manifest.lock\" > /dev/null\nif [ $? != 0 ] ; then\n    # print error to STDERR\n    echo \"error: The sandbox is not in sync with the Podfile.lock. Run 'pod install' or update your CocoaPods installation.\" >&2\n    exit 1\nfi\n# This output is used by Xcode 'outputs' to avoid re-running this script phase.\necho \"SUCCESS\" > \"${SCRIPT_OUTPUT_FILE_0}\"\n";
			showEnvVarsInLog = 0;
		};
		5D5CC18DC929B0A344117D52 /* [CP] Check Pods Manifest.lock */ = {
			isa = PBXShellScriptBuildPhase;
			buildActionMask = 2147483647;
			files = (
			);
			inputFileListPaths = (
			);
			inputPaths = (
				"${PODS_PODFILE_DIR_PATH}/Podfile.lock",
				"${PODS_ROOT}/Manifest.lock",
			);
			name = "[CP] Check Pods Manifest.lock";
			outputFileListPaths = (
			);
			outputPaths = (
				"$(DERIVED_FILE_DIR)/Pods-audiotest-audiotestUITests-checkManifestLockResult.txt",
			);
			runOnlyForDeploymentPostprocessing = 0;
			shellPath = /bin/sh;
			shellScript = "diff \"${PODS_PODFILE_DIR_PATH}/Podfile.lock\" \"${PODS_ROOT}/Manifest.lock\" > /dev/null\nif [ $? != 0 ] ; then\n    # print error to STDERR\n    echo \"error: The sandbox is not in sync with the Podfile.lock. Run 'pod install' or update your CocoaPods installation.\" >&2\n    exit 1\nfi\n# This output is used by Xcode 'outputs' to avoid re-running this script phase.\necho \"SUCCESS\" > \"${SCRIPT_OUTPUT_FILE_0}\"\n";
			showEnvVarsInLog = 0;
		};
		A83FF370EC6DFA27F7CEBD94 /* [CP] Embed Pods Frameworks */ = {
			isa = PBXShellScriptBuildPhase;
			buildActionMask = 2147483647;
			files = (
			);
			inputFileListPaths = (
				"${PODS_ROOT}/Target Support Files/Pods-audiotest/Pods-audiotest-frameworks-${CONFIGURATION}-input-files.xcfilelist",
			);
			name = "[CP] Embed Pods Frameworks";
			outputFileListPaths = (
				"${PODS_ROOT}/Target Support Files/Pods-audiotest/Pods-audiotest-frameworks-${CONFIGURATION}-output-files.xcfilelist",
			);
			runOnlyForDeploymentPostprocessing = 0;
			shellPath = /bin/sh;
			shellScript = "\"${PODS_ROOT}/Target Support Files/Pods-audiotest/Pods-audiotest-frameworks.sh\"\n";
			showEnvVarsInLog = 0;
		};
		D4951B83BED7F48A86E8BDD9 /* [CP] Embed Pods Frameworks */ = {
			isa = PBXShellScriptBuildPhase;
			buildActionMask = 2147483647;
			files = (
			);
			inputFileListPaths = (
				"${PODS_ROOT}/Target Support Files/Pods-audiotest-audiotestUITests/Pods-audiotest-audiotestUITests-frameworks-${CONFIGURATION}-input-files.xcfilelist",
			);
			name = "[CP] Embed Pods Frameworks";
			outputFileListPaths = (
				"${PODS_ROOT}/Target Support Files/Pods-audiotest-audiotestUITests/Pods-audiotest-audiotestUITests-frameworks-${CONFIGURATION}-output-files.xcfilelist",
			);
			runOnlyForDeploymentPostprocessing = 0;
			shellPath = /bin/sh;
			shellScript = "\"${PODS_ROOT}/Target Support Files/Pods-audiotest-audiotestUITests/Pods-audiotest-audiotestUITests-frameworks.sh\"\n";
			showEnvVarsInLog = 0;
		};
		F51C09357E39C89F6FD0D46E /* [CP] Check Pods Manifest.lock */ = {
			isa = PBXShellScriptBuildPhase;
			buildActionMask = 2147483647;
			files = (
			);
			inputFileListPaths = (
			);
			inputPaths = (
				"${PODS_PODFILE_DIR_PATH}/Podfile.lock",
				"${PODS_ROOT}/Manifest.lock",
			);
			name = "[CP] Check Pods Manifest.lock";
			outputFileListPaths = (
			);
			outputPaths = (
				"$(DERIVED_FILE_DIR)/Pods-audiotestTests-checkManifestLockResult.txt",
			);
			runOnlyForDeploymentPostprocessing = 0;
			shellPath = /bin/sh;
			shellScript = "diff \"${PODS_PODFILE_DIR_PATH}/Podfile.lock\" \"${PODS_ROOT}/Manifest.lock\" > /dev/null\nif [ $? != 0 ] ; then\n    # print error to STDERR\n    echo \"error: The sandbox is not in sync with the Podfile.lock. Run 'pod install' or update your CocoaPods installation.\" >&2\n    exit 1\nfi\n# This output is used by Xcode 'outputs' to avoid re-running this script phase.\necho \"SUCCESS\" > \"${SCRIPT_OUTPUT_FILE_0}\"\n";
			showEnvVarsInLog = 0;
		};
/* End PBXShellScriptBuildPhase section */

/* Begin PBXSourcesBuildPhase section */
		1841E56323F3D02500E24567 /* Sources */ = {
			isa = PBXSourcesBuildPhase;
			buildActionMask = 2147483647;
			files = (
				181CE7F423F6C4AF00DDECEA /* LoadingButton.swift in Sources */,
				1841E59E23F3D2DB00E24567 /* chapterCell.swift in Sources */,
				1841E57523F3D02500E24567 /* audiotest.xcdatamodeld in Sources */,
				1841E5A223F3D4F300E24567 /* StryModel.swift in Sources */,
				181CE7F623F6C4E800DDECEA /* Double + Extensions.swift in Sources */,
				1841E5A023F3D2FC00E24567 /* ChapterVC.swift in Sources */,
				1841E56F23F3D02500E24567 /* ViewController.swift in Sources */,
				1841E56B23F3D02500E24567 /* AppDelegate.swift in Sources */,
				183B0CF623F4025100B779A6 /* AudioController.swift in Sources */,
				1841E56D23F3D02500E24567 /* SceneDelegate.swift in Sources */,
			);
			runOnlyForDeploymentPostprocessing = 0;
		};
		1841E57C23F3D02800E24567 /* Sources */ = {
			isa = PBXSourcesBuildPhase;
			buildActionMask = 2147483647;
			files = (
				1841E58523F3D02800E24567 /* audiotestTests.swift in Sources */,
			);
			runOnlyForDeploymentPostprocessing = 0;
		};
		1841E58723F3D02800E24567 /* Sources */ = {
			isa = PBXSourcesBuildPhase;
			buildActionMask = 2147483647;
			files = (
				1841E59023F3D02800E24567 /* audiotestUITests.swift in Sources */,
			);
			runOnlyForDeploymentPostprocessing = 0;
		};
/* End PBXSourcesBuildPhase section */

/* Begin PBXTargetDependency section */
		1841E58223F3D02800E24567 /* PBXTargetDependency */ = {
			isa = PBXTargetDependency;
			target = 1841E56623F3D02500E24567 /* audiotest */;
			targetProxy = 1841E58123F3D02800E24567 /* PBXContainerItemProxy */;
		};
		1841E58D23F3D02800E24567 /* PBXTargetDependency */ = {
			isa = PBXTargetDependency;
			target = 1841E56623F3D02500E24567 /* audiotest */;
			targetProxy = 1841E58C23F3D02800E24567 /* PBXContainerItemProxy */;
		};
/* End PBXTargetDependency section */

/* Begin PBXVariantGroup section */
		1841E57023F3D02500E24567 /* Main.storyboard */ = {
			isa = PBXVariantGroup;
			children = (
				1841E57123F3D02500E24567 /* Base */,
			);
			name = Main.storyboard;
			sourceTree = "<group>";
		};
		1841E57823F3D02800E24567 /* LaunchScreen.storyboard */ = {
			isa = PBXVariantGroup;
			children = (
				1841E57923F3D02800E24567 /* Base */,
			);
			name = LaunchScreen.storyboard;
			sourceTree = "<group>";
		};
/* End PBXVariantGroup section */

/* Begin XCBuildConfiguration section */
		1841E59223F3D02800E24567 /* Debug */ = {
			isa = XCBuildConfiguration;
			buildSettings = {
				ALWAYS_SEARCH_USER_PATHS = NO;
				CLANG_ANALYZER_NONNULL = YES;
				CLANG_ANALYZER_NUMBER_OBJECT_CONVERSION = YES_AGGRESSIVE;
				CLANG_CXX_LANGUAGE_STANDARD = "gnu++14";
				CLANG_CXX_LIBRARY = "libc++";
				CLANG_ENABLE_MODULES = YES;
				CLANG_ENABLE_OBJC_ARC = YES;
				CLANG_ENABLE_OBJC_WEAK = YES;
				CLANG_WARN_BLOCK_CAPTURE_AUTORELEASING = YES;
				CLANG_WARN_BOOL_CONVERSION = YES;
				CLANG_WARN_COMMA = YES;
				CLANG_WARN_CONSTANT_CONVERSION = YES;
				CLANG_WARN_DEPRECATED_OBJC_IMPLEMENTATIONS = YES;
				CLANG_WARN_DIRECT_OBJC_ISA_USAGE = YES_ERROR;
				CLANG_WARN_DOCUMENTATION_COMMENTS = YES;
				CLANG_WARN_EMPTY_BODY = YES;
				CLANG_WARN_ENUM_CONVERSION = YES;
				CLANG_WARN_INFINITE_RECURSION = YES;
				CLANG_WARN_INT_CONVERSION = YES;
				CLANG_WARN_NON_LITERAL_NULL_CONVERSION = YES;
				CLANG_WARN_OBJC_IMPLICIT_RETAIN_SELF = YES;
				CLANG_WARN_OBJC_LITERAL_CONVERSION = YES;
				CLANG_WARN_OBJC_ROOT_CLASS = YES_ERROR;
				CLANG_WARN_RANGE_LOOP_ANALYSIS = YES;
				CLANG_WARN_STRICT_PROTOTYPES = YES;
				CLANG_WARN_SUSPICIOUS_MOVE = YES;
				CLANG_WARN_UNGUARDED_AVAILABILITY = YES_AGGRESSIVE;
				CLANG_WARN_UNREACHABLE_CODE = YES;
				CLANG_WARN__DUPLICATE_METHOD_MATCH = YES;
				COPY_PHASE_STRIP = NO;
				DEBUG_INFORMATION_FORMAT = dwarf;
				ENABLE_STRICT_OBJC_MSGSEND = YES;
				ENABLE_TESTABILITY = YES;
				GCC_C_LANGUAGE_STANDARD = gnu11;
				GCC_DYNAMIC_NO_PIC = NO;
				GCC_NO_COMMON_BLOCKS = YES;
				GCC_OPTIMIZATION_LEVEL = 0;
				GCC_PREPROCESSOR_DEFINITIONS = (
					"DEBUG=1",
					"$(inherited)",
				);
				GCC_WARN_64_TO_32_BIT_CONVERSION = YES;
				GCC_WARN_ABOUT_RETURN_TYPE = YES_ERROR;
				GCC_WARN_UNDECLARED_SELECTOR = YES;
				GCC_WARN_UNINITIALIZED_AUTOS = YES_AGGRESSIVE;
				GCC_WARN_UNUSED_FUNCTION = YES;
				GCC_WARN_UNUSED_VARIABLE = YES;
				IPHONEOS_DEPLOYMENT_TARGET = 13.0;
				MTL_ENABLE_DEBUG_INFO = INCLUDE_SOURCE;
				MTL_FAST_MATH = YES;
				ONLY_ACTIVE_ARCH = YES;
				SDKROOT = iphoneos;
				SWIFT_ACTIVE_COMPILATION_CONDITIONS = DEBUG;
				SWIFT_OPTIMIZATION_LEVEL = "-Onone";
			};
			name = Debug;
		};
		1841E59323F3D02800E24567 /* Release */ = {
			isa = XCBuildConfiguration;
			buildSettings = {
				ALWAYS_SEARCH_USER_PATHS = NO;
				CLANG_ANALYZER_NONNULL = YES;
				CLANG_ANALYZER_NUMBER_OBJECT_CONVERSION = YES_AGGRESSIVE;
				CLANG_CXX_LANGUAGE_STANDARD = "gnu++14";
				CLANG_CXX_LIBRARY = "libc++";
				CLANG_ENABLE_MODULES = YES;
				CLANG_ENABLE_OBJC_ARC = YES;
				CLANG_ENABLE_OBJC_WEAK = YES;
				CLANG_WARN_BLOCK_CAPTURE_AUTORELEASING = YES;
				CLANG_WARN_BOOL_CONVERSION = YES;
				CLANG_WARN_COMMA = YES;
				CLANG_WARN_CONSTANT_CONVERSION = YES;
				CLANG_WARN_DEPRECATED_OBJC_IMPLEMENTATIONS = YES;
				CLANG_WARN_DIRECT_OBJC_ISA_USAGE = YES_ERROR;
				CLANG_WARN_DOCUMENTATION_COMMENTS = YES;
				CLANG_WARN_EMPTY_BODY = YES;
				CLANG_WARN_ENUM_CONVERSION = YES;
				CLANG_WARN_INFINITE_RECURSION = YES;
				CLANG_WARN_INT_CONVERSION = YES;
				CLANG_WARN_NON_LITERAL_NULL_CONVERSION = YES;
				CLANG_WARN_OBJC_IMPLICIT_RETAIN_SELF = YES;
				CLANG_WARN_OBJC_LITERAL_CONVERSION = YES;
				CLANG_WARN_OBJC_ROOT_CLASS = YES_ERROR;
				CLANG_WARN_RANGE_LOOP_ANALYSIS = YES;
				CLANG_WARN_STRICT_PROTOTYPES = YES;
				CLANG_WARN_SUSPICIOUS_MOVE = YES;
				CLANG_WARN_UNGUARDED_AVAILABILITY = YES_AGGRESSIVE;
				CLANG_WARN_UNREACHABLE_CODE = YES;
				CLANG_WARN__DUPLICATE_METHOD_MATCH = YES;
				COPY_PHASE_STRIP = NO;
				DEBUG_INFORMATION_FORMAT = "dwarf-with-dsym";
				ENABLE_NS_ASSERTIONS = NO;
				ENABLE_STRICT_OBJC_MSGSEND = YES;
				GCC_C_LANGUAGE_STANDARD = gnu11;
				GCC_NO_COMMON_BLOCKS = YES;
				GCC_WARN_64_TO_32_BIT_CONVERSION = YES;
				GCC_WARN_ABOUT_RETURN_TYPE = YES_ERROR;
				GCC_WARN_UNDECLARED_SELECTOR = YES;
				GCC_WARN_UNINITIALIZED_AUTOS = YES_AGGRESSIVE;
				GCC_WARN_UNUSED_FUNCTION = YES;
				GCC_WARN_UNUSED_VARIABLE = YES;
				IPHONEOS_DEPLOYMENT_TARGET = 13.0;
				MTL_ENABLE_DEBUG_INFO = NO;
				MTL_FAST_MATH = YES;
				SDKROOT = iphoneos;
				SWIFT_COMPILATION_MODE = wholemodule;
				SWIFT_OPTIMIZATION_LEVEL = "-O";
				VALIDATE_PRODUCT = YES;
			};
			name = Release;
		};
		1841E59523F3D02800E24567 /* Debug */ = {
			isa = XCBuildConfiguration;
			baseConfigurationReference = 0D59DDA6518F3EFCD745E712 /* Pods-audiotest.debug.xcconfig */;
			buildSettings = {
				ASSETCATALOG_COMPILER_APPICON_NAME = AppIcon;
				CODE_SIGN_STYLE = Automatic;
				DEVELOPMENT_TEAM = 8JR6E85L9N;
				INFOPLIST_FILE = audiotest/Info.plist;
				LD_RUNPATH_SEARCH_PATHS = (
					"$(inherited)",
					"@executable_path/Frameworks",
				);
				PRODUCT_BUNDLE_IDENTIFIER = com.EmojiView.audiotest;
				PRODUCT_NAME = "$(TARGET_NAME)";
				SWIFT_VERSION = 5.0;
				TARGETED_DEVICE_FAMILY = "1,2";
			};
			name = Debug;
		};
		1841E59623F3D02800E24567 /* Release */ = {
			isa = XCBuildConfiguration;
			baseConfigurationReference = 41BBD05E001591600BBC64DA /* Pods-audiotest.release.xcconfig */;
			buildSettings = {
				ASSETCATALOG_COMPILER_APPICON_NAME = AppIcon;
				CODE_SIGN_STYLE = Automatic;
				DEVELOPMENT_TEAM = 8JR6E85L9N;
				INFOPLIST_FILE = audiotest/Info.plist;
				LD_RUNPATH_SEARCH_PATHS = (
					"$(inherited)",
					"@executable_path/Frameworks",
				);
				PRODUCT_BUNDLE_IDENTIFIER = com.EmojiView.audiotest;
				PRODUCT_NAME = "$(TARGET_NAME)";
				SWIFT_VERSION = 5.0;
				TARGETED_DEVICE_FAMILY = "1,2";
			};
			name = Release;
		};
		1841E59823F3D02800E24567 /* Debug */ = {
			isa = XCBuildConfiguration;
			baseConfigurationReference = 757A7650FD297EAB3E3CCA14 /* Pods-audiotestTests.debug.xcconfig */;
			buildSettings = {
				ALWAYS_EMBED_SWIFT_STANDARD_LIBRARIES = YES;
				BUNDLE_LOADER = "$(TEST_HOST)";
				CODE_SIGN_STYLE = Automatic;
				INFOPLIST_FILE = audiotestTests/Info.plist;
				IPHONEOS_DEPLOYMENT_TARGET = 13.0;
				LD_RUNPATH_SEARCH_PATHS = (
					"$(inherited)",
					"@executable_path/Frameworks",
					"@loader_path/Frameworks",
				);
				PRODUCT_BUNDLE_IDENTIFIER = com.EmojiView.audiotestTests;
				PRODUCT_NAME = "$(TARGET_NAME)";
				SWIFT_VERSION = 5.0;
				TARGETED_DEVICE_FAMILY = "1,2";
				TEST_HOST = "$(BUILT_PRODUCTS_DIR)/audiotest.app/audiotest";
			};
			name = Debug;
		};
		1841E59923F3D02800E24567 /* Release */ = {
			isa = XCBuildConfiguration;
			baseConfigurationReference = 4B12C7BD6B21BA6DBEA7D3AA /* Pods-audiotestTests.release.xcconfig */;
			buildSettings = {
				ALWAYS_EMBED_SWIFT_STANDARD_LIBRARIES = YES;
				BUNDLE_LOADER = "$(TEST_HOST)";
				CODE_SIGN_STYLE = Automatic;
				INFOPLIST_FILE = audiotestTests/Info.plist;
				IPHONEOS_DEPLOYMENT_TARGET = 13.0;
				LD_RUNPATH_SEARCH_PATHS = (
					"$(inherited)",
					"@executable_path/Frameworks",
					"@loader_path/Frameworks",
				);
				PRODUCT_BUNDLE_IDENTIFIER = com.EmojiView.audiotestTests;
				PRODUCT_NAME = "$(TARGET_NAME)";
				SWIFT_VERSION = 5.0;
				TARGETED_DEVICE_FAMILY = "1,2";
				TEST_HOST = "$(BUILT_PRODUCTS_DIR)/audiotest.app/audiotest";
			};
			name = Release;
		};
		1841E59B23F3D02800E24567 /* Debug */ = {
			isa = XCBuildConfiguration;
			baseConfigurationReference = AF74B70D94E452B2B16D5128 /* Pods-audiotest-audiotestUITests.debug.xcconfig */;
			buildSettings = {
				ALWAYS_EMBED_SWIFT_STANDARD_LIBRARIES = YES;
				CODE_SIGN_STYLE = Automatic;
				INFOPLIST_FILE = audiotestUITests/Info.plist;
				LD_RUNPATH_SEARCH_PATHS = (
					"$(inherited)",
					"@executable_path/Frameworks",
					"@loader_path/Frameworks",
				);
				PRODUCT_BUNDLE_IDENTIFIER = com.EmojiView.audiotestUITests;
				PRODUCT_NAME = "$(TARGET_NAME)";
				SWIFT_VERSION = 5.0;
				TARGETED_DEVICE_FAMILY = "1,2";
				TEST_TARGET_NAME = audiotest;
			};
			name = Debug;
		};
		1841E59C23F3D02800E24567 /* Release */ = {
			isa = XCBuildConfiguration;
			baseConfigurationReference = 827F5E613DA5F879179F132A /* Pods-audiotest-audiotestUITests.release.xcconfig */;
			buildSettings = {
				ALWAYS_EMBED_SWIFT_STANDARD_LIBRARIES = YES;
				CODE_SIGN_STYLE = Automatic;
				INFOPLIST_FILE = audiotestUITests/Info.plist;
				LD_RUNPATH_SEARCH_PATHS = (
					"$(inherited)",
					"@executable_path/Frameworks",
					"@loader_path/Frameworks",
				);
				PRODUCT_BUNDLE_IDENTIFIER = com.EmojiView.audiotestUITests;
				PRODUCT_NAME = "$(TARGET_NAME)";
				SWIFT_VERSION = 5.0;
				TARGETED_DEVICE_FAMILY = "1,2";
				TEST_TARGET_NAME = audiotest;
			};
			name = Release;
		};
/* End XCBuildConfiguration section */

/* Begin XCConfigurationList section */
		1841E56223F3D02500E24567 /* Build configuration list for PBXProject "audiotest" */ = {
			isa = XCConfigurationList;
			buildConfigurations = (
				1841E59223F3D02800E24567 /* Debug */,
				1841E59323F3D02800E24567 /* Release */,
			);
			defaultConfigurationIsVisible = 0;
			defaultConfigurationName = Release;
		};
		1841E59423F3D02800E24567 /* Build configuration list for PBXNativeTarget "audiotest" */ = {
			isa = XCConfigurationList;
			buildConfigurations = (
				1841E59523F3D02800E24567 /* Debug */,
				1841E59623F3D02800E24567 /* Release */,
			);
			defaultConfigurationIsVisible = 0;
			defaultConfigurationName = Release;
		};
		1841E59723F3D02800E24567 /* Build configuration list for PBXNativeTarget "audiotestTests" */ = {
			isa = XCConfigurationList;
			buildConfigurations = (
				1841E59823F3D02800E24567 /* Debug */,
				1841E59923F3D02800E24567 /* Release */,
			);
			defaultConfigurationIsVisible = 0;
			defaultConfigurationName = Release;
		};
		1841E59A23F3D02800E24567 /* Build configuration list for PBXNativeTarget "audiotestUITests" */ = {
			isa = XCConfigurationList;
			buildConfigurations = (
				1841E59B23F3D02800E24567 /* Debug */,
				1841E59C23F3D02800E24567 /* Release */,
			);
			defaultConfigurationIsVisible = 0;
			defaultConfigurationName = Release;
		};
/* End XCConfigurationList section */

/* Begin XCVersionGroup section */
		1841E57323F3D02500E24567 /* audiotest.xcdatamodeld */ = {
			isa = XCVersionGroup;
			children = (
				1841E57423F3D02500E24567 /* audiotest.xcdatamodel */,
			);
			currentVersion = 1841E57423F3D02500E24567 /* audiotest.xcdatamodel */;
			path = audiotest.xcdatamodeld;
			sourceTree = "<group>";
			versionGroupType = wrapper.xcdatamodel;
		};
/* End XCVersionGroup section */
	};
	rootObject = 1841E55F23F3D02500E24567 /* Project object */;
}
